
Microsoft Visual Studio Solution File, Format Version 12.00
# Visual Studio Version 17
VisualStudioVersion = 17.1.32210.238
MinimumVisualStudioVersion = 10.0.40219.1
Project("{FAE04EC0-301F-11D3-BF4B-00C04F79EFBC}") = "AlphaYanTools", "ExcelExportImage\AlphaYanTools.csproj", "{721B3743-967E-4F0E-8318-8A5F6E2929AD}"
EndProject
Project("{FAE04EC0-301F-11D3-BF4B-00C04F79EFBC}") = "Update", "Update\Update.csproj", "{50957125-43E1-4170-A5C8-59CBF2360EE8}"
EndProject
Project("{FAE04EC0-301F-11D3-BF4B-00C04F79EFBC}") = "ReleaseMe", "ReleaseMe\ReleaseMe.csproj", "{90AE2C6F-A435-4D5B-930A-A2EC071597A7}"
EndProject
Global
	GlobalSection(SolutionConfigurationPlatforms) = preSolution
		Debug|Any CPU = Debug|Any CPU
		Release|Any CPU = Release|Any CPU
	EndGlobalSection
	GlobalSection(ProjectConfigurationPlatforms) = postSolution
		{721B3743-967E-4F0E-8318-8A5F6E2929AD}.Debug|Any CPU.ActiveCfg = Debug|Any CPU
		{721B3743-967E-4F0E-8318-8A5F6E2929AD}.Debug|Any CPU.Build.0 = Debug|Any CPU
		{721B3743-967E-4F0E-8318-8A5F6E2929AD}.Release|Any CPU.ActiveCfg = Release|Any CPU
		{721B3743-967E-4F0E-8318-8A5F6E2929AD}.Release|Any CPU.Build.0 = Release|Any CPU
		{50957125-43E1-4170-A5C8-59CBF2360EE8}.Debug|Any CPU.ActiveCfg = Debug|Any CPU
		{50957125-43E1-4170-A5C8-59CBF2360EE8}.Debug|Any CPU.Build.0 = Debug|Any CPU
		{50957125-43E1-4170-A5C8-59CBF2360EE8}.Release|Any CPU.ActiveCfg = Release|Any CPU
		{50957125-43E1-4170-A5C8-59CBF2360EE8}.Release|Any CPU.Build.0 = Release|Any CPU
		{90AE2C6F-A435-4D5B-930A-A2EC071597A7}.Debug|Any CPU.ActiveCfg = Debug|Any CPU
		{90AE2C6F-A435-4D5B-930A-A2EC071597A7}.Debug|Any CPU.Build.0 = Debug|Any CPU
		{90AE2C6F-A435-4D5B-930A-A2EC071597A7}.Release|Any CPU.ActiveCfg = Release|Any CPU
		{90AE2C6F-A435-4D5B-930A-A2EC071597A7}.Release|Any CPU.Build.0 = Release|Any CPU
	EndGlobalSection
	GlobalSection(SolutionProperties) = preSolution
		HideSolutionNode = FALSE
	EndGlobalSection
	GlobalSection(ExtensibilityGlobals) = postSolution
		SolutionGuid = {D0052B97-0A22-4D06-84CD-5EE8019E1175}
	EndGlobalSection
EndGlobal
